{
    "name": "neolace-search-frontend",
    "version": "0.0.1",
    "lockfileVersion": 2,
    "requires": true,
    "packages": {
        "": {
            "name": "neolace-search-frontend",
            "version": "0.0.1",
            "dependencies": {
                "react-instantsearch-dom": "6.24.2",
                "typesense-instantsearch-adapter": "2.4.0"
            },
            "devDependencies": {
                "@types/react-instantsearch-dom": "6.12.3"
            }
        },
        "node_modules/@algolia/cache-browser-local-storage": {
            "version": "4.12.0",
            "resolved": "https://registry.npmjs.org/@algolia/cache-browser-local-storage/-/cache-browser-local-storage-4.12.0.tgz",
            "integrity": "sha512-l+G560B6N1k0rIcOjTO1yCzFUbg2Zy2HCii9s03e13jGgqduVQmk79UUCYszjsJ5GPJpUEKcVEtAIpP7tjsXVA==",
            "dependencies": {
                "@algolia/cache-common": "4.12.0"
            }
        },
        "node_modules/@algolia/cache-common": {
            "version": "4.12.0",
            "resolved": "https://registry.npmjs.org/@algolia/cache-common/-/cache-common-4.12.0.tgz",
            "integrity": "sha512-2Z8BV+NX7oN7RmmQbLqmW8lfN9aAjOexX1FJjzB0YfKC9ifpi9Jl4nSxlnbU+iLR6QhHo0IfuyQ7wcnucCGCGQ=="
        },
        "node_modules/@algolia/cache-in-memory": {
            "version": "4.12.0",
            "resolved": "https://registry.npmjs.org/@algolia/cache-in-memory/-/cache-in-memory-4.12.0.tgz",
            "integrity": "sha512-b6ANkZF6vGAo+sYv6g25W5a0u3o6F549gEAgtTDTVA1aHcdWwe/HG/dTJ7NsnHbuR+A831tIwnNYQjRp3/V/Jw==",
            "dependencies": {
                "@algolia/cache-common": "4.12.0"
            }
        },
        "node_modules/@algolia/client-account": {
            "version": "4.12.0",
            "resolved": "https://registry.npmjs.org/@algolia/client-account/-/client-account-4.12.0.tgz",
            "integrity": "sha512-gzXN75ZydNheNXUN3epS+aLsKnB/PHFVlGUUjXL8WHs4lJP3B5FtHvaA/NCN5DsM3aamhuY5p0ff1XIA+Lbcrw==",
            "dependencies": {
                "@algolia/client-common": "4.12.0",
                "@algolia/client-search": "4.12.0",
                "@algolia/transporter": "4.12.0"
            }
        },
        "node_modules/@algolia/client-analytics": {
            "version": "4.12.0",
            "resolved": "https://registry.npmjs.org/@algolia/client-analytics/-/client-analytics-4.12.0.tgz",
            "integrity": "sha512-rO2cZCt00Opk66QBZb7IBGfCq4ZE3EiuGkXssf2Monb5urujy0r8CknK2i7bzaKtPbd2vlvhmLP4CEHQqF6SLQ==",
            "dependencies": {
                "@algolia/client-common": "4.12.0",
                "@algolia/client-search": "4.12.0",
                "@algolia/requester-common": "4.12.0",
                "@algolia/transporter": "4.12.0"
            }
        },
        "node_modules/@algolia/client-common": {
            "version": "4.12.0",
            "resolved": "https://registry.npmjs.org/@algolia/client-common/-/client-common-4.12.0.tgz",
            "integrity": "sha512-fcrFN7FBmxiSyjeu3sF4OnPkC1l7/8oyQ8RMM8CHpVY8cad6/ay35MrfRfgfqdzdFA8LzcBYO7fykuJv0eOqxw==",
            "dependencies": {
                "@algolia/requester-common": "4.12.0",
                "@algolia/transporter": "4.12.0"
            }
        },
        "node_modules/@algolia/client-personalization": {
            "version": "4.12.0",
            "resolved": "https://registry.npmjs.org/@algolia/client-personalization/-/client-personalization-4.12.0.tgz",
            "integrity": "sha512-wCJfSQEmX6ZOuJBJGjy+sbXiW0iy7tMNAhsVMV9RRaJE4727e5WAqwFWZssD877WQ74+/nF/VyTaB1+wejo33Q==",
            "dependencies": {
                "@algolia/client-common": "4.12.0",
                "@algolia/requester-common": "4.12.0",
                "@algolia/transporter": "4.12.0"
            }
        },
        "node_modules/@algolia/client-search": {
            "version": "4.12.0",
            "resolved": "https://registry.npmjs.org/@algolia/client-search/-/client-search-4.12.0.tgz",
            "integrity": "sha512-ik6dswcTQtOdZN+8aKntI9X2E6Qpqjtyda/+VANiHThY9GD2PBXuNuuC2HvlF26AbBYp5xaSE/EKxn1DIiIJ4Q==",
            "dependencies": {
                "@algolia/client-common": "4.12.0",
                "@algolia/requester-common": "4.12.0",
                "@algolia/transporter": "4.12.0"
            }
        },
        "node_modules/@algolia/events": {
            "version": "4.0.1",
            "resolved": "https://registry.npmjs.org/@algolia/events/-/events-4.0.1.tgz",
            "integrity": "sha512-FQzvOCgoFXAbf5Y6mYozw2aj5KCJoA3m4heImceldzPSMbdyS4atVjJzXKMsfX3wnZTFYwkkt8/z8UesLHlSBQ=="
        },
        "node_modules/@algolia/logger-common": {
            "version": "4.12.0",
            "resolved": "https://registry.npmjs.org/@algolia/logger-common/-/logger-common-4.12.0.tgz",
            "integrity": "sha512-V//9rzLdJujA3iZ/tPhmKR/m2kjSZrymxOfUiF3024u2/7UyOpH92OOCrHUf023uMGYHRzyhBz5ESfL1oCdh7g=="
        },
        "node_modules/@algolia/logger-console": {
            "version": "4.12.0",
            "resolved": "https://registry.npmjs.org/@algolia/logger-console/-/logger-console-4.12.0.tgz",
            "integrity": "sha512-pHvoGv53KXRIJHLk9uxBwKirwEo12G9+uo0sJLWESThAN3v5M+ycliU1AkUXQN8+9rds2KxfULAb+vfyfBKf8A==",
            "dependencies": {
                "@algolia/logger-common": "4.12.0"
            }
        },
        "node_modules/@algolia/requester-browser-xhr": {
            "version": "4.12.0",
            "resolved": "https://registry.npmjs.org/@algolia/requester-browser-xhr/-/requester-browser-xhr-4.12.0.tgz",
            "integrity": "sha512-rGlHNMM3jIZBwSpz33CVkeXHilzuzHuFXEEW1icP/k3KW7kwBrKFJwBy42RzAJa5BYlLsTCFTS3xkPhYwTQKLg==",
            "dependencies": {
                "@algolia/requester-common": "4.12.0"
            }
        },
        "node_modules/@algolia/requester-common": {
            "version": "4.12.0",
            "resolved": "https://registry.npmjs.org/@algolia/requester-common/-/requester-common-4.12.0.tgz",
            "integrity": "sha512-qgfdc73nXqpVyOMr6CMTx3nXvud9dP6GcMGDqPct+fnxogGcJsp24cY2nMqUrAfgmTJe9Nmy7Lddv0FyHjONMg=="
        },
        "node_modules/@algolia/requester-node-http": {
            "version": "4.12.0",
            "resolved": "https://registry.npmjs.org/@algolia/requester-node-http/-/requester-node-http-4.12.0.tgz",
            "integrity": "sha512-mOTRGf/v/dXshBoZKNhMG00ZGxoUH9QdSpuMKYnuWwIgstN24uj3DQx+Ho3c+uq0TYfq7n2v71uoJWuiW32NMQ==",
            "dependencies": {
                "@algolia/requester-common": "4.12.0"
            }
        },
        "node_modules/@algolia/transporter": {
            "version": "4.12.0",
            "resolved": "https://registry.npmjs.org/@algolia/transporter/-/transporter-4.12.0.tgz",
            "integrity": "sha512-MOQVHZ4BcBpf3LtOY/3fqXHAcvI8MahrXDHk9QrBE/iGensQhDiZby5Dn3o2JN/zd9FMnVbdPQ8gnkiMwZiakQ==",
            "dependencies": {
                "@algolia/cache-common": "4.12.0",
                "@algolia/logger-common": "4.12.0",
                "@algolia/requester-common": "4.12.0"
            }
        },
        "node_modules/@babel/runtime": {
            "version": "7.16.7",
            "resolved": "https://registry.npmjs.org/@babel/runtime/-/runtime-7.16.7.tgz",
            "integrity": "sha512-9E9FJowqAsytyOY6LG+1KuueckRL+aQW+mKvXRXnuFGyRAyepJPmEo9vgMfXUA6O9u3IeEdv9MAkppFcaQwogQ==",
            "dependencies": {
                "regenerator-runtime": "^0.13.4"
            },
            "engines": {
                "node": ">=6.9.0"
            }
        },
        "node_modules/@types/prop-types": {
            "version": "15.7.4",
            "resolved": "https://registry.npmjs.org/@types/prop-types/-/prop-types-15.7.4.tgz",
            "integrity": "sha512-rZ5drC/jWjrArrS8BR6SIr4cWpW09RNTYt9AMZo3Jwwif+iacXAqgVjm0B0Bv/S1jhDXKHqRVNCbACkJ89RAnQ==",
            "dev": true
        },
        "node_modules/@types/react": {
            "version": "17.0.38",
            "resolved": "https://registry.npmjs.org/@types/react/-/react-17.0.38.tgz",
            "integrity": "sha512-SI92X1IA+FMnP3qM5m4QReluXzhcmovhZnLNm3pyeQlooi02qI7sLiepEYqT678uNiyc25XfCqxREFpy3W7YhQ==",
            "dev": true,
            "dependencies": {
                "@types/prop-types": "*",
                "@types/scheduler": "*",
                "csstype": "^3.0.2"
            }
        },
        "node_modules/@types/react-instantsearch-core": {
            "version": "6.10.6",
            "resolved": "https://registry.npmjs.org/@types/react-instantsearch-core/-/react-instantsearch-core-6.10.6.tgz",
            "integrity": "sha512-oGeDM1VMIuuGA405TYUhpJpmWkEEJHL/Il51ufLQmu3fhgo+PG1fDfee5/nPQhcg1jfR/hZ82fRGL3SJUrG4hA==",
            "dev": true,
            "dependencies": {
                "@types/react": "*",
                "algoliasearch": ">=4",
                "algoliasearch-helper": ">=3"
            }
        },
        "node_modules/@types/react-instantsearch-dom": {
            "version": "6.12.3",
            "resolved": "https://registry.npmjs.org/@types/react-instantsearch-dom/-/react-instantsearch-dom-6.12.3.tgz",
            "integrity": "sha512-HAQG74v7OzsUhdjNermd0A8c7LWRLsrMCsFCY6+7HEXK1hikeCs/Hmy6xjFhZVfFEWvpvX78vxJELafoAnuv8Q==",
            "dev": true,
            "dependencies": {
                "@types/react": "*",
                "@types/react-instantsearch-core": "*"
            }
        },
        "node_modules/@types/scheduler": {
            "version": "0.16.2",
            "resolved": "https://registry.npmjs.org/@types/scheduler/-/scheduler-0.16.2.tgz",
            "integrity": "sha512-hppQEBDmlwhFAXKJX2KnWLYu5yMfi91yazPb2l+lbJiwW+wdo1gNeRA+3RgNSO39WYX2euey41KEwnqesU2Jew==",
            "dev": true
        },
        "node_modules/algoliasearch": {
            "version": "4.12.0",
            "resolved": "https://registry.npmjs.org/algoliasearch/-/algoliasearch-4.12.0.tgz",
            "integrity": "sha512-fZOMMm+F3Bi5M/MoFIz7hiuyCitJza0Hu+r8Wzz4LIQClC6YGMRq7kT6NNU1fSSoFDSeJIwMfedbbi5G9dJoVQ==",
            "dependencies": {
                "@algolia/cache-browser-local-storage": "4.12.0",
                "@algolia/cache-common": "4.12.0",
                "@algolia/cache-in-memory": "4.12.0",
                "@algolia/client-account": "4.12.0",
                "@algolia/client-analytics": "4.12.0",
                "@algolia/client-common": "4.12.0",
                "@algolia/client-personalization": "4.12.0",
                "@algolia/client-search": "4.12.0",
                "@algolia/logger-common": "4.12.0",
                "@algolia/logger-console": "4.12.0",
                "@algolia/requester-browser-xhr": "4.12.0",
                "@algolia/requester-common": "4.12.0",
                "@algolia/requester-node-http": "4.12.0",
                "@algolia/transporter": "4.12.0"
            }
        },
        "node_modules/algoliasearch-helper": {
            "version": "3.8.2",
            "resolved": "https://registry.npmjs.org/algoliasearch-helper/-/algoliasearch-helper-3.8.2.tgz",
            "integrity": "sha512-AXxiF0zT9oYwl8ZBgU/eRXvfYhz7cBA5YrLPlw9inZHdaYF0QEya/f1Zp1mPYMXc1v6VkHwBq4pk6/vayBLICg==",
            "dependencies": {
                "@algolia/events": "^4.0.1"
            },
            "peerDependencies": {
                "algoliasearch": ">= 3.1 < 5"
            }
        },
        "node_modules/axios": {
            "version": "0.21.4",
            "resolved": "https://registry.npmjs.org/axios/-/axios-0.21.4.tgz",
            "integrity": "sha512-ut5vewkiu8jjGBdqpM44XxjuCjq9LAKeHVmoVfHVzy8eHgxxq8SbAVQNovDA8mVi05kP0Ea/n/UzcSHcTJQfNg==",
            "dependencies": {
                "follow-redirects": "^1.14.0"
            }
        },
        "node_modules/classnames": {
            "version": "2.3.1",
            "resolved": "https://registry.npmjs.org/classnames/-/classnames-2.3.1.tgz",
            "integrity": "sha512-OlQdbZ7gLfGarSqxesMesDa5uz7KFbID8Kpq/SxIoNGDqY8lSYs0D+hhtBXhcdB3rcbXArFr7vlHheLk1voeNA=="
        },
        "node_modules/csstype": {
            "version": "3.0.10",
            "resolved": "https://registry.npmjs.org/csstype/-/csstype-3.0.10.tgz",
            "integrity": "sha512-2u44ZG2OcNUO9HDp/Jl8C07x6pU/eTR3ncV91SiK3dhG9TWvRVsCoJw14Ckx5DgWkzGA3waZWO3d7pgqpUI/XA==",
            "dev": true
        },
        "node_modules/follow-redirects": {
            "version": "1.15.0",
            "resolved": "https://registry.npmjs.org/follow-redirects/-/follow-redirects-1.15.0.tgz",
            "integrity": "sha512-aExlJShTV4qOUOL7yF1U5tvLCB0xQuudbf6toyYA0E/acBNw71mvjFTnLaRp50aQaYocMR0a/RMMBIHeZnGyjQ==",
            "funding": [
                {
                    "type": "individual",
                    "url": "https://github.com/sponsors/RubenVerborgh"
                }
            ],
            "engines": {
                "node": ">=4.0"
            },
            "peerDependenciesMeta": {
                "debug": {
                    "optional": true
                }
            }
        },
        "node_modules/js-tokens": {
            "version": "4.0.0",
            "resolved": "https://registry.npmjs.org/js-tokens/-/js-tokens-4.0.0.tgz",
            "integrity": "sha512-RdJUflcE3cUzKiMqQgsCu06FPu9UdIJO0beYbPhHN4k6apgJtifcoCtT9bcxOpYBtpD2kCM6Sbzg4CausW/PKQ=="
        },
        "node_modules/loglevel": {
            "version": "1.8.0",
            "resolved": "https://registry.npmjs.org/loglevel/-/loglevel-1.8.0.tgz",
            "integrity": "sha512-G6A/nJLRgWOuuwdNuA6koovfEV1YpqqAG4pRUlFaz3jj2QNZ8M4vBqnVA+HBTmU/AMNUtlOsMmSpF6NyOjztbA==",
            "engines": {
                "node": ">= 0.6.0"
            },
            "funding": {
                "type": "tidelift",
                "url": "https://tidelift.com/funding/github/npm/loglevel"
            }
        },
        "node_modules/loose-envify": {
            "version": "1.4.0",
            "resolved": "https://registry.npmjs.org/loose-envify/-/loose-envify-1.4.0.tgz",
            "integrity": "sha512-lyuxPGr/Wfhrlem2CL/UcnUc1zcqKAImBDzukY7Y5F/yQiNdko6+fRLevlw1HgMySw7f611UIY408EtxRSoK3Q==",
            "dependencies": {
                "js-tokens": "^3.0.0 || ^4.0.0"
            },
            "bin": {
                "loose-envify": "cli.js"
            }
        },
        "node_modules/object-assign": {
            "version": "4.1.1",
            "resolved": "https://registry.npmjs.org/object-assign/-/object-assign-4.1.1.tgz",
            "integrity": "sha1-IQmtx5ZYh8/AXLvUQsrIv7s2CGM=",
            "engines": {
                "node": ">=0.10.0"
            }
        },
        "node_modules/prop-types": {
            "version": "15.8.1",
            "resolved": "https://registry.npmjs.org/prop-types/-/prop-types-15.8.1.tgz",
            "integrity": "sha512-oj87CgZICdulUohogVAR7AjlC0327U4el4L6eAvOqCeudMDVU0NThNaV+b9Df4dXgSP1gXMTnPdhfe/2qDH5cg==",
            "dependencies": {
                "loose-envify": "^1.4.0",
                "object-assign": "^4.1.1",
                "react-is": "^16.13.1"
            }
        },
        "node_modules/react": {
            "version": "17.0.2",
            "resolved": "https://registry.npmjs.org/react/-/react-17.0.2.tgz",
            "integrity": "sha512-gnhPt75i/dq/z3/6q/0asP78D0u592D5L1pd7M8P+dck6Fu/jJeL6iVVK23fptSUZj8Vjf++7wXA8UNclGQcbA==",
            "peer": true,
            "dependencies": {
                "loose-envify": "^1.1.0",
                "object-assign": "^4.1.1"
            },
            "engines": {
                "node": ">=0.10.0"
            }
        },
        "node_modules/react-dom": {
            "version": "17.0.2",
            "resolved": "https://registry.npmjs.org/react-dom/-/react-dom-17.0.2.tgz",
            "integrity": "sha512-s4h96KtLDUQlsENhMn1ar8t2bEa+q/YAtj8pPPdIjPDGBDIVNsrD9aXNWqspUe6AzKCIG0C1HZZLqLV7qpOBGA==",
            "peer": true,
            "dependencies": {
                "loose-envify": "^1.1.0",
                "object-assign": "^4.1.1",
                "scheduler": "^0.20.2"
            },
            "peerDependencies": {
                "react": "17.0.2"
            }
        },
        "node_modules/react-fast-compare": {
            "version": "3.2.0",
            "resolved": "https://registry.npmjs.org/react-fast-compare/-/react-fast-compare-3.2.0.tgz",
            "integrity": "sha512-rtGImPZ0YyLrscKI9xTpV8psd6I8VAtjKCzQDlzyDvqJA8XOW78TXYQwNRNd8g8JZnDu8q9Fu/1v4HPAVwVdHA=="
        },
        "node_modules/react-instantsearch-core": {
            "version": "6.24.2",
            "resolved": "https://registry.npmjs.org/react-instantsearch-core/-/react-instantsearch-core-6.24.2.tgz",
            "integrity": "sha512-NfyI/p+EXAokx+CdbUj95MmNxmx4KE5+OPMbfpcHF//CoKZ8V97MHbo0COQvfg3EAM+CR0U2WWPurWE4XFUTzw==",
            "dependencies": {
                "@babel/runtime": "^7.1.2",
                "algoliasearch-helper": "^3.8.0",
                "prop-types": "^15.6.2",
                "react-fast-compare": "^3.0.0"
            },
            "peerDependencies": {
                "algoliasearch": ">= 3.1 < 5",
                "react": ">= 16.3.0 < 19"
            }
        },
        "node_modules/react-instantsearch-dom": {
            "version": "6.24.2",
            "resolved": "https://registry.npmjs.org/react-instantsearch-dom/-/react-instantsearch-dom-6.24.2.tgz",
            "integrity": "sha512-nxzAxEpjjPYoEhQUVyMiF35BTEtjnZtC7Tqs1Kv8plChX5sArBx3bv4A0LxBkBBtJB6sH+pXjTVZQQ5OSr7czA==",
            "dependencies": {
                "@babel/runtime": "^7.1.2",
                "algoliasearch-helper": "^3.8.0",
                "classnames": "^2.2.5",
                "prop-types": "^15.6.2",
                "react-fast-compare": "^3.0.0",
                "react-instantsearch-core": "6.24.2"
            },
            "peerDependencies": {
                "algoliasearch": ">= 3.1 < 5",
                "react": ">= 16.3.0 < 19",
                "react-dom": ">= 16.3.0 < 19"
            }
        },
        "node_modules/react-is": {
            "version": "16.13.1",
            "resolved": "https://registry.npmjs.org/react-is/-/react-is-16.13.1.tgz",
            "integrity": "sha512-24e6ynE2H+OKt4kqsOvNd8kBpV65zoxbA4BVsEOB3ARVWQki/DHzaUoC5KuON/BiccDaCCTZBuOcfZs70kR8bQ=="
        },
        "node_modules/regenerator-runtime": {
            "version": "0.13.9",
            "resolved": "https://registry.npmjs.org/regenerator-runtime/-/regenerator-runtime-0.13.9.tgz",
            "integrity": "sha512-p3VT+cOEgxFsRRA9X4lkI1E+k2/CtnKtU4gcxyaCUreilL/vqI6CdZ3wxVUx3UOUg+gnUOQQcRI7BmSI656MYA=="
        },
        "node_modules/scheduler": {
            "version": "0.20.2",
            "resolved": "https://registry.npmjs.org/scheduler/-/scheduler-0.20.2.tgz",
            "integrity": "sha512-2eWfGgAqqWFGqtdMmcL5zCMK1U8KlXv8SQFGglL3CEtd0aDVDWgeF/YoCmvln55m5zSk3J/20hTaSBeSObsQDQ==",
            "peer": true,
            "dependencies": {
                "loose-envify": "^1.1.0",
                "object-assign": "^4.1.1"
            }
        },
        "node_modules/typesense": {
            "version": "1.2.2",
            "resolved": "https://registry.npmjs.org/typesense/-/typesense-1.2.2.tgz",
            "integrity": "sha512-MOKAIGTXbL0RkbHOvpr8RHP7it7UhCc0x4KJ8+p5lwh6Q9bSht6pJqMn6bXybomYA7CHVzIm4+IWVz6dHdUBow==",
            "dependencies": {
                "axios": "^0.21.1",
                "loglevel": "^1.7.1"
            },
            "peerDependencies": {
                "@babel/runtime": "^7.14.6"
            }
        },
        "node_modules/typesense-instantsearch-adapter": {
            "version": "2.4.0",
            "resolved": "https://registry.npmjs.org/typesense-instantsearch-adapter/-/typesense-instantsearch-adapter-2.4.0.tgz",
            "integrity": "sha512-zJCfrF7j/jgQnyqUoyshSj84IMMaMVYzZyfEnCM/6YQyPPmObbr/EzxL49u4lcl50SW4EjgBie4SRvjR/r8ttA==",
            "hasInstallScript": true,
            "dependencies": {
                "typesense": "^1.2.1"
            },
            "peerDependencies": {
                "@babel/runtime": "^7.13.17"
            }
        }
    },
    "dependencies": {
        "@algolia/cache-browser-local-storage": {
            "version": "4.12.0",
            "resolved": "https://registry.npmjs.org/@algolia/cache-browser-local-storage/-/cache-browser-local-storage-4.12.0.tgz",
            "integrity": "sha512-l+G560B6N1k0rIcOjTO1yCzFUbg2Zy2HCii9s03e13jGgqduVQmk79UUCYszjsJ5GPJpUEKcVEtAIpP7tjsXVA==",
            "requires": {
                "@algolia/cache-common": "4.12.0"
            }
        },
        "@algolia/cache-common": {
            "version": "4.12.0",
            "resolved": "https://registry.npmjs.org/@algolia/cache-common/-/cache-common-4.12.0.tgz",
            "integrity": "sha512-2Z8BV+NX7oN7RmmQbLqmW8lfN9aAjOexX1FJjzB0YfKC9ifpi9Jl4nSxlnbU+iLR6QhHo0IfuyQ7wcnucCGCGQ=="
        },
        "@algolia/cache-in-memory": {
            "version": "4.12.0",
            "resolved": "https://registry.npmjs.org/@algolia/cache-in-memory/-/cache-in-memory-4.12.0.tgz",
            "integrity": "sha512-b6ANkZF6vGAo+sYv6g25W5a0u3o6F549gEAgtTDTVA1aHcdWwe/HG/dTJ7NsnHbuR+A831tIwnNYQjRp3/V/Jw==",
            "requires": {
                "@algolia/cache-common": "4.12.0"
            }
        },
        "@algolia/client-account": {
            "version": "4.12.0",
            "resolved": "https://registry.npmjs.org/@algolia/client-account/-/client-account-4.12.0.tgz",
            "integrity": "sha512-gzXN75ZydNheNXUN3epS+aLsKnB/PHFVlGUUjXL8WHs4lJP3B5FtHvaA/NCN5DsM3aamhuY5p0ff1XIA+Lbcrw==",
            "requires": {
                "@algolia/client-common": "4.12.0",
                "@algolia/client-search": "4.12.0",
                "@algolia/transporter": "4.12.0"
            }
        },
        "@algolia/client-analytics": {
            "version": "4.12.0",
            "resolved": "https://registry.npmjs.org/@algolia/client-analytics/-/client-analytics-4.12.0.tgz",
            "integrity": "sha512-rO2cZCt00Opk66QBZb7IBGfCq4ZE3EiuGkXssf2Monb5urujy0r8CknK2i7bzaKtPbd2vlvhmLP4CEHQqF6SLQ==",
            "requires": {
                "@algolia/client-common": "4.12.0",
                "@algolia/client-search": "4.12.0",
                "@algolia/requester-common": "4.12.0",
                "@algolia/transporter": "4.12.0"
            }
        },
        "@algolia/client-common": {
            "version": "4.12.0",
            "resolved": "https://registry.npmjs.org/@algolia/client-common/-/client-common-4.12.0.tgz",
            "integrity": "sha512-fcrFN7FBmxiSyjeu3sF4OnPkC1l7/8oyQ8RMM8CHpVY8cad6/ay35MrfRfgfqdzdFA8LzcBYO7fykuJv0eOqxw==",
            "requires": {
                "@algolia/requester-common": "4.12.0",
                "@algolia/transporter": "4.12.0"
            }
        },
        "@algolia/client-personalization": {
            "version": "4.12.0",
            "resolved": "https://registry.npmjs.org/@algolia/client-personalization/-/client-personalization-4.12.0.tgz",
            "integrity": "sha512-wCJfSQEmX6ZOuJBJGjy+sbXiW0iy7tMNAhsVMV9RRaJE4727e5WAqwFWZssD877WQ74+/nF/VyTaB1+wejo33Q==",
            "requires": {
                "@algolia/client-common": "4.12.0",
                "@algolia/requester-common": "4.12.0",
                "@algolia/transporter": "4.12.0"
            }
        },
        "@algolia/client-search": {
            "version": "4.12.0",
            "resolved": "https://registry.npmjs.org/@algolia/client-search/-/client-search-4.12.0.tgz",
            "integrity": "sha512-ik6dswcTQtOdZN+8aKntI9X2E6Qpqjtyda/+VANiHThY9GD2PBXuNuuC2HvlF26AbBYp5xaSE/EKxn1DIiIJ4Q==",
            "requires": {
                "@algolia/client-common": "4.12.0",
                "@algolia/requester-common": "4.12.0",
                "@algolia/transporter": "4.12.0"
            }
        },
        "@algolia/events": {
            "version": "4.0.1",
            "resolved": "https://registry.npmjs.org/@algolia/events/-/events-4.0.1.tgz",
            "integrity": "sha512-FQzvOCgoFXAbf5Y6mYozw2aj5KCJoA3m4heImceldzPSMbdyS4atVjJzXKMsfX3wnZTFYwkkt8/z8UesLHlSBQ=="
        },
        "@algolia/logger-common": {
            "version": "4.12.0",
            "resolved": "https://registry.npmjs.org/@algolia/logger-common/-/logger-common-4.12.0.tgz",
            "integrity": "sha512-V//9rzLdJujA3iZ/tPhmKR/m2kjSZrymxOfUiF3024u2/7UyOpH92OOCrHUf023uMGYHRzyhBz5ESfL1oCdh7g=="
        },
        "@algolia/logger-console": {
            "version": "4.12.0",
            "resolved": "https://registry.npmjs.org/@algolia/logger-console/-/logger-console-4.12.0.tgz",
            "integrity": "sha512-pHvoGv53KXRIJHLk9uxBwKirwEo12G9+uo0sJLWESThAN3v5M+ycliU1AkUXQN8+9rds2KxfULAb+vfyfBKf8A==",
            "requires": {
                "@algolia/logger-common": "4.12.0"
            }
        },
        "@algolia/requester-browser-xhr": {
            "version": "4.12.0",
            "resolved": "https://registry.npmjs.org/@algolia/requester-browser-xhr/-/requester-browser-xhr-4.12.0.tgz",
            "integrity": "sha512-rGlHNMM3jIZBwSpz33CVkeXHilzuzHuFXEEW1icP/k3KW7kwBrKFJwBy42RzAJa5BYlLsTCFTS3xkPhYwTQKLg==",
            "requires": {
                "@algolia/requester-common": "4.12.0"
            }
        },
        "@algolia/requester-common": {
            "version": "4.12.0",
            "resolved": "https://registry.npmjs.org/@algolia/requester-common/-/requester-common-4.12.0.tgz",
            "integrity": "sha512-qgfdc73nXqpVyOMr6CMTx3nXvud9dP6GcMGDqPct+fnxogGcJsp24cY2nMqUrAfgmTJe9Nmy7Lddv0FyHjONMg=="
        },
        "@algolia/requester-node-http": {
            "version": "4.12.0",
            "resolved": "https://registry.npmjs.org/@algolia/requester-node-http/-/requester-node-http-4.12.0.tgz",
            "integrity": "sha512-mOTRGf/v/dXshBoZKNhMG00ZGxoUH9QdSpuMKYnuWwIgstN24uj3DQx+Ho3c+uq0TYfq7n2v71uoJWuiW32NMQ==",
            "requires": {
                "@algolia/requester-common": "4.12.0"
            }
        },
        "@algolia/transporter": {
            "version": "4.12.0",
            "resolved": "https://registry.npmjs.org/@algolia/transporter/-/transporter-4.12.0.tgz",
            "integrity": "sha512-MOQVHZ4BcBpf3LtOY/3fqXHAcvI8MahrXDHk9QrBE/iGensQhDiZby5Dn3o2JN/zd9FMnVbdPQ8gnkiMwZiakQ==",
            "requires": {
                "@algolia/cache-common": "4.12.0",
                "@algolia/logger-common": "4.12.0",
                "@algolia/requester-common": "4.12.0"
            }
        },
        "@babel/runtime": {
            "version": "7.16.7",
            "resolved": "https://registry.npmjs.org/@babel/runtime/-/runtime-7.16.7.tgz",
            "integrity": "sha512-9E9FJowqAsytyOY6LG+1KuueckRL+aQW+mKvXRXnuFGyRAyepJPmEo9vgMfXUA6O9u3IeEdv9MAkppFcaQwogQ==",
            "requires": {
                "regenerator-runtime": "^0.13.4"
            }
        },
        "@types/prop-types": {
            "version": "15.7.4",
            "resolved": "https://registry.npmjs.org/@types/prop-types/-/prop-types-15.7.4.tgz",
            "integrity": "sha512-rZ5drC/jWjrArrS8BR6SIr4cWpW09RNTYt9AMZo3Jwwif+iacXAqgVjm0B0Bv/S1jhDXKHqRVNCbACkJ89RAnQ==",
            "dev": true
        },
        "@types/react": {
            "version": "17.0.38",
            "resolved": "https://registry.npmjs.org/@types/react/-/react-17.0.38.tgz",
            "integrity": "sha512-SI92X1IA+FMnP3qM5m4QReluXzhcmovhZnLNm3pyeQlooi02qI7sLiepEYqT678uNiyc25XfCqxREFpy3W7YhQ==",
            "dev": true,
            "requires": {
                "@types/prop-types": "*",
                "@types/scheduler": "*",
                "csstype": "^3.0.2"
            }
        },
        "@types/react-instantsearch-core": {
            "version": "6.10.6",
            "resolved": "https://registry.npmjs.org/@types/react-instantsearch-core/-/react-instantsearch-core-6.10.6.tgz",
            "integrity": "sha512-oGeDM1VMIuuGA405TYUhpJpmWkEEJHL/Il51ufLQmu3fhgo+PG1fDfee5/nPQhcg1jfR/hZ82fRGL3SJUrG4hA==",
            "dev": true,
            "requires": {
                "@types/react": "*",
                "algoliasearch": ">=4",
                "algoliasearch-helper": ">=3"
            }
        },
        "@types/react-instantsearch-dom": {
            "version": "6.12.3",
            "resolved": "https://registry.npmjs.org/@types/react-instantsearch-dom/-/react-instantsearch-dom-6.12.3.tgz",
            "integrity": "sha512-HAQG74v7OzsUhdjNermd0A8c7LWRLsrMCsFCY6+7HEXK1hikeCs/Hmy6xjFhZVfFEWvpvX78vxJELafoAnuv8Q==",
            "dev": true,
            "requires": {
                "@types/react": "*",
                "@types/react-instantsearch-core": "*"
            }
        },
        "@types/scheduler": {
            "version": "0.16.2",
            "resolved": "https://registry.npmjs.org/@types/scheduler/-/scheduler-0.16.2.tgz",
            "integrity": "sha512-hppQEBDmlwhFAXKJX2KnWLYu5yMfi91yazPb2l+lbJiwW+wdo1gNeRA+3RgNSO39WYX2euey41KEwnqesU2Jew==",
            "dev": true
        },
        "algoliasearch": {
            "version": "4.12.0",
            "resolved": "https://registry.npmjs.org/algoliasearch/-/algoliasearch-4.12.0.tgz",
            "integrity": "sha512-fZOMMm+F3Bi5M/MoFIz7hiuyCitJza0Hu+r8Wzz4LIQClC6YGMRq7kT6NNU1fSSoFDSeJIwMfedbbi5G9dJoVQ==",
            "requires": {
                "@algolia/cache-browser-local-storage": "4.12.0",
                "@algolia/cache-common": "4.12.0",
                "@algolia/cache-in-memory": "4.12.0",
                "@algolia/client-account": "4.12.0",
                "@algolia/client-analytics": "4.12.0",
                "@algolia/client-common": "4.12.0",
                "@algolia/client-personalization": "4.12.0",
                "@algolia/client-search": "4.12.0",
                "@algolia/logger-common": "4.12.0",
                "@algolia/logger-console": "4.12.0",
                "@algolia/requester-browser-xhr": "4.12.0",
                "@algolia/requester-common": "4.12.0",
                "@algolia/requester-node-http": "4.12.0",
                "@algolia/transporter": "4.12.0"
            }
        },
        "algoliasearch-helper": {
            "version": "3.8.2",
            "resolved": "https://registry.npmjs.org/algoliasearch-helper/-/algoliasearch-helper-3.8.2.tgz",
            "integrity": "sha512-AXxiF0zT9oYwl8ZBgU/eRXvfYhz7cBA5YrLPlw9inZHdaYF0QEya/f1Zp1mPYMXc1v6VkHwBq4pk6/vayBLICg==",
            "requires": {
                "@algolia/events": "^4.0.1"
            }
        },
        "axios": {
            "version": "0.21.4",
            "resolved": "https://registry.npmjs.org/axios/-/axios-0.21.4.tgz",
            "integrity": "sha512-ut5vewkiu8jjGBdqpM44XxjuCjq9LAKeHVmoVfHVzy8eHgxxq8SbAVQNovDA8mVi05kP0Ea/n/UzcSHcTJQfNg==",
            "requires": {
                "follow-redirects": "^1.14.0"
            }
        },
        "classnames": {
            "version": "2.3.1",
            "resolved": "https://registry.npmjs.org/classnames/-/classnames-2.3.1.tgz",
            "integrity": "sha512-OlQdbZ7gLfGarSqxesMesDa5uz7KFbID8Kpq/SxIoNGDqY8lSYs0D+hhtBXhcdB3rcbXArFr7vlHheLk1voeNA=="
        },
        "csstype": {
            "version": "3.0.10",
            "resolved": "https://registry.npmjs.org/csstype/-/csstype-3.0.10.tgz",
            "integrity": "sha512-2u44ZG2OcNUO9HDp/Jl8C07x6pU/eTR3ncV91SiK3dhG9TWvRVsCoJw14Ckx5DgWkzGA3waZWO3d7pgqpUI/XA==",
            "dev": true
        },
        "follow-redirects": {
            "version": "1.15.0",
            "resolved": "https://registry.npmjs.org/follow-redirects/-/follow-redirects-1.15.0.tgz",
            "integrity": "sha512-aExlJShTV4qOUOL7yF1U5tvLCB0xQuudbf6toyYA0E/acBNw71mvjFTnLaRp50aQaYocMR0a/RMMBIHeZnGyjQ=="
        },
        "js-tokens": {
            "version": "4.0.0",
            "resolved": "https://registry.npmjs.org/js-tokens/-/js-tokens-4.0.0.tgz",
            "integrity": "sha512-RdJUflcE3cUzKiMqQgsCu06FPu9UdIJO0beYbPhHN4k6apgJtifcoCtT9bcxOpYBtpD2kCM6Sbzg4CausW/PKQ=="
        },
        "loglevel": {
            "version": "1.8.0",
            "resolved": "https://registry.npmjs.org/loglevel/-/loglevel-1.8.0.tgz",
            "integrity": "sha512-G6A/nJLRgWOuuwdNuA6koovfEV1YpqqAG4pRUlFaz3jj2QNZ8M4vBqnVA+HBTmU/AMNUtlOsMmSpF6NyOjztbA=="
        },
        "loose-envify": {
            "version": "1.4.0",
            "resolved": "https://registry.npmjs.org/loose-envify/-/loose-envify-1.4.0.tgz",
            "integrity": "sha512-lyuxPGr/Wfhrlem2CL/UcnUc1zcqKAImBDzukY7Y5F/yQiNdko6+fRLevlw1HgMySw7f611UIY408EtxRSoK3Q==",
            "requires": {
                "js-tokens": "^3.0.0 || ^4.0.0"
            }
        },
        "object-assign": {
            "version": "4.1.1",
            "resolved": "https://registry.npmjs.org/object-assign/-/object-assign-4.1.1.tgz",
            "integrity": "sha1-IQmtx5ZYh8/AXLvUQsrIv7s2CGM="
        },
        "prop-types": {
            "version": "15.8.1",
            "resolved": "https://registry.npmjs.org/prop-types/-/prop-types-15.8.1.tgz",
            "integrity": "sha512-oj87CgZICdulUohogVAR7AjlC0327U4el4L6eAvOqCeudMDVU0NThNaV+b9Df4dXgSP1gXMTnPdhfe/2qDH5cg==",
            "requires": {
                "loose-envify": "^1.4.0",
                "object-assign": "^4.1.1",
                "react-is": "^16.13.1"
            }
        },
        "react": {
            "version": "17.0.2",
            "resolved": "https://registry.npmjs.org/react/-/react-17.0.2.tgz",
            "integrity": "sha512-gnhPt75i/dq/z3/6q/0asP78D0u592D5L1pd7M8P+dck6Fu/jJeL6iVVK23fptSUZj8Vjf++7wXA8UNclGQcbA==",
            "peer": true,
            "requires": {
                "loose-envify": "^1.1.0",
                "object-assign": "^4.1.1"
            }
        },
        "react-dom": {
            "version": "17.0.2",
            "resolved": "https://registry.npmjs.org/react-dom/-/react-dom-17.0.2.tgz",
            "integrity": "sha512-s4h96KtLDUQlsENhMn1ar8t2bEa+q/YAtj8pPPdIjPDGBDIVNsrD9aXNWqspUe6AzKCIG0C1HZZLqLV7qpOBGA==",
            "peer": true,
            "requires": {
                "loose-envify": "^1.1.0",
                "object-assign": "^4.1.1",
                "scheduler": "^0.20.2"
            }
        },
        "react-fast-compare": {
            "version": "3.2.0",
            "resolved": "https://registry.npmjs.org/react-fast-compare/-/react-fast-compare-3.2.0.tgz",
            "integrity": "sha512-rtGImPZ0YyLrscKI9xTpV8psd6I8VAtjKCzQDlzyDvqJA8XOW78TXYQwNRNd8g8JZnDu8q9Fu/1v4HPAVwVdHA=="
        },
        "react-instantsearch-core": {
            "version": "6.24.2",
            "resolved": "https://registry.npmjs.org/react-instantsearch-core/-/react-instantsearch-core-6.24.2.tgz",
            "integrity": "sha512-NfyI/p+EXAokx+CdbUj95MmNxmx4KE5+OPMbfpcHF//CoKZ8V97MHbo0COQvfg3EAM+CR0U2WWPurWE4XFUTzw==",
            "requires": {
                "@babel/runtime": "^7.1.2",
                "algoliasearch-helper": "^3.8.0",
                "prop-types": "^15.6.2",
                "react-fast-compare": "^3.0.0"
            }
        },
        "react-instantsearch-dom": {
            "version": "6.24.2",
            "resolved": "https://registry.npmjs.org/react-instantsearch-dom/-/react-instantsearch-dom-6.24.2.tgz",
            "integrity": "sha512-nxzAxEpjjPYoEhQUVyMiF35BTEtjnZtC7Tqs1Kv8plChX5sArBx3bv4A0LxBkBBtJB6sH+pXjTVZQQ5OSr7czA==",
            "requires": {
                "@babel/runtime": "^7.1.2",
                "algoliasearch-helper": "^3.8.0",
                "classnames": "^2.2.5",
                "prop-types": "^15.6.2",
                "react-fast-compare": "^3.0.0",
                "react-instantsearch-core": "6.24.2"
            }
        },
        "react-is": {
            "version": "16.13.1",
            "resolved": "https://registry.npmjs.org/react-is/-/react-is-16.13.1.tgz",
            "integrity": "sha512-24e6ynE2H+OKt4kqsOvNd8kBpV65zoxbA4BVsEOB3ARVWQki/DHzaUoC5KuON/BiccDaCCTZBuOcfZs70kR8bQ=="
        },
        "regenerator-runtime": {
            "version": "0.13.9",
            "resolved": "https://registry.npmjs.org/regenerator-runtime/-/regenerator-runtime-0.13.9.tgz",
            "integrity": "sha512-p3VT+cOEgxFsRRA9X4lkI1E+k2/CtnKtU4gcxyaCUreilL/vqI6CdZ3wxVUx3UOUg+gnUOQQcRI7BmSI656MYA=="
        },
        "scheduler": {
            "version": "0.20.2",
            "resolved": "https://registry.npmjs.org/scheduler/-/scheduler-0.20.2.tgz",
            "integrity": "sha512-2eWfGgAqqWFGqtdMmcL5zCMK1U8KlXv8SQFGglL3CEtd0aDVDWgeF/YoCmvln55m5zSk3J/20hTaSBeSObsQDQ==",
            "peer": true,
            "requires": {
                "loose-envify": "^1.1.0",
                "object-assign": "^4.1.1"
            }
        },
        "typesense": {
            "version": "1.2.2",
            "resolved": "https://registry.npmjs.org/typesense/-/typesense-1.2.2.tgz",
            "integrity": "sha512-MOKAIGTXbL0RkbHOvpr8RHP7it7UhCc0x4KJ8+p5lwh6Q9bSht6pJqMn6bXybomYA7CHVzIm4+IWVz6dHdUBow==",
            "requires": {
                "axios": "^0.21.1",
                "loglevel": "^1.7.1"
            }
        },
        "typesense-instantsearch-adapter": {
            "version": "2.4.0",
            "resolved": "https://registry.npmjs.org/typesense-instantsearch-adapter/-/typesense-instantsearch-adapter-2.4.0.tgz",
            "integrity": "sha512-zJCfrF7j/jgQnyqUoyshSj84IMMaMVYzZyfEnCM/6YQyPPmObbr/EzxL49u4lcl50SW4EjgBie4SRvjR/r8ttA==",
            "requires": {
                "typesense": "^1.2.1"
            }
        }
    }
}
